// !$*UTF8*$!
{
	archiveVersion = 1;
	classes = {
	};
	objectVersion = 50;
	objects = {

/* Begin PBXBuildFile section */
		65C7368322DE7A0D0006F529 /* AppDelegate.swift in Sources */ = {isa = PBXBuildFile; fileRef = 65C7368222DE7A0D0006F529 /* AppDelegate.swift */; };
		65C7368522DE7A0D0006F529 /* ListViewController.swift in Sources */ = {isa = PBXBuildFile; fileRef = 65C7368422DE7A0D0006F529 /* ListViewController.swift */; };
		65C7368822DE7A0D0006F529 /* Main.storyboard in Resources */ = {isa = PBXBuildFile; fileRef = 65C7368622DE7A0D0006F529 /* Main.storyboard */; };
		65C7368B22DE7A0D0006F529 /* MasterList.xcdatamodeld in Sources */ = {isa = PBXBuildFile; fileRef = 65C7368922DE7A0D0006F529 /* MasterList.xcdatamodeld */; };
		65C7368D22DE7A0E0006F529 /* Assets.xcassets in Resources */ = {isa = PBXBuildFile; fileRef = 65C7368C22DE7A0E0006F529 /* Assets.xcassets */; };
		65C7369022DE7A0E0006F529 /* LaunchScreen.storyboard in Resources */ = {isa = PBXBuildFile; fileRef = 65C7368E22DE7A0E0006F529 /* LaunchScreen.storyboard */; };
		65C7369822DE7B7B0006F529 /* MyToDo.swift in Sources */ = {isa = PBXBuildFile; fileRef = 65C7369722DE7B7B0006F529 /* MyToDo.swift */; };
/* End PBXBuildFile section */

/* Begin PBXFileReference section */
		65C7367F22DE7A0D0006F529 /* MasterList.app */ = {isa = PBXFileReference; explicitFileType = wrapper.application; includeInIndex = 0; path = MasterList.app; sourceTree = BUILT_PRODUCTS_DIR; };
		65C7368222DE7A0D0006F529 /* AppDelegate.swift */ = {isa = PBXFileReference; lastKnownFileType = sourcecode.swift; path = AppDelegate.swift; sourceTree = "<group>"; };
		65C7368422DE7A0D0006F529 /* ListViewController.swift */ = {isa = PBXFileReference; lastKnownFileType = sourcecode.swift; path = ListViewController.swift; sourceTree = "<group>"; };
		65C7368722DE7A0D0006F529 /* Base */ = {isa = PBXFileReference; lastKnownFileType = file.storyboard; name = Base; path = Base.lproj/Main.storyboard; sourceTree = "<group>"; };
		65C7368A22DE7A0D0006F529 /* MasterList.xcdatamodel */ = {isa = PBXFileReference; lastKnownFileType = wrapper.xcdatamodel; path = MasterList.xcdatamodel; sourceTree = "<group>"; };
		65C7368C22DE7A0E0006F529 /* Assets.xcassets */ = {isa = PBXFileReference; lastKnownFileType = folder.assetcatalog; path = Assets.xcassets; sourceTree = "<group>"; };
		65C7368F22DE7A0E0006F529 /* Base */ = {isa = PBXFileReference; lastKnownFileType = file.storyboard; name = Base; path = Base.lproj/LaunchScreen.storyboard; sourceTree = "<group>"; };
		65C7369122DE7A0E0006F529 /* Info.plist */ = {isa = PBXFileReference; lastKnownFileType = text.plist.xml; path = Info.plist; sourceTree = "<group>"; };
		65C7369722DE7B7B0006F529 /* MyToDo.swift */ = {isa = PBXFileReference; lastKnownFileType = sourcecode.swift; path = MyToDo.swift; sourceTree = "<group>"; };
/* End PBXFileReference section */

/* Begin PBXFrameworksBuildPhase section */
		65C7367C22DE7A0D0006F529 /* Frameworks */ = {
			isa = PBXFrameworksBuildPhase;
			buildActionMask = 2147483647;
			files = (
			);
			runOnlyForDeploymentPostprocessing = 0;
		};
/* End PBXFrameworksBuildPhase section */

/* Begin PBXGroup section */
		65C7367622DE7A0D0006F529 = {
			isa = PBXGroup;
			children = (
				65C7368122DE7A0D0006F529 /* MasterList */,
				65C7368022DE7A0D0006F529 /* Products */,
			);
			sourceTree = "<group>";
		};
		65C7368022DE7A0D0006F529 /* Products */ = {
			isa = PBXGroup;
			children = (
				65C7367F22DE7A0D0006F529 /* MasterList.app */,
			);
			name = Products;
			sourceTree = "<group>";
		};
		65C7368122DE7A0D0006F529 /* MasterList */ = {
			isa = PBXGroup;
			children = (
				65C7368222DE7A0D0006F529 /* AppDelegate.swift */,
				65C7368422DE7A0D0006F529 /* ListViewController.swift */,
				65C7368622DE7A0D0006F529 /* Main.storyboard */,
				65C7369722DE7B7B0006F529 /* MyToDo.swift */,
				65C7368C22DE7A0E0006F529 /* Assets.xcassets */,
				65C7368E22DE7A0E0006F529 /* LaunchScreen.storyboard */,
				65C7369122DE7A0E0006F529 /* Info.plist */,
				65C7368922DE7A0D0006F529 /* MasterList.xcdatamodeld */,
			);
			path = MasterList;
			sourceTree = "<group>";
		};
/* End PBXGroup section */

/* Begin PBXNativeTarget section */
		65C7367E22DE7A0D0006F529 /* MasterList */ = {
			isa = PBXNativeTarget;
			buildConfigurationList = 65C7369422DE7A0E0006F529 /* Build configuration list for PBXNativeTarget "MasterList" */;
			buildPhases = (
				65C7367B22DE7A0D0006F529 /* Sources */,
				65C7367C22DE7A0D0006F529 /* Frameworks */,
				65C7367D22DE7A0D0006F529 /* Resources */,
			);
			buildRules = (
			);
			dependencies = (
			);
			name = MasterList;
			productName = MasterList;
			productReference = 65C7367F22DE7A0D0006F529 /* MasterList.app */;
			productType = "com.apple.product-type.application";
		};
/* End PBXNativeTarget section */

/* Begin PBXProject section */
		65C7367722DE7A0D0006F529 /* Project object */ = {
			isa = PBXProject;
			attributes = {
				LastSwiftUpdateCheck = 1020;
				LastUpgradeCheck = 1020;
				ORGANIZATIONNAME = "Zakeel Muhammad";
				TargetAttributes = {
					65C7367E22DE7A0D0006F529 = {
						CreatedOnToolsVersion = 10.2.1;
					};
				};
			};
			buildConfigurationList = 65C7367A22DE7A0D0006F529 /* Build configuration list for PBXProject "MasterList" */;
			compatibilityVersion = "Xcode 9.3";
			developmentRegion = en;
			hasScannedForEncodings = 0;
			knownRegions = (
				en,
				Base,
			);
			mainGroup = 65C7367622DE7A0D0006F529;
			productRefGroup = 65C7368022DE7A0D0006F529 /* Products */;
			projectDirPath = "";
			projectRoot = "";
			targets = (
				65C7367E22DE7A0D0006F529 /* MasterList */,
			);
		};
/* End PBXProject section */

/* Begin PBXResourcesBuildPhase section */
		65C7367D22DE7A0D0006F529 /* Resources */ = {
			isa = PBXResourcesBuildPhase;
			buildActionMask = 2147483647;
			files = (
				65C7369022DE7A0E0006F529 /* LaunchScreen.storyboard in Resources */,
				65C7368D22DE7A0E0006F529 /* Assets.xcassets in Resources */,
				65C7368822DE7A0D0006F529 /* Main.storyboard in Resources */,
			);
			runOnlyForDeploymentPostprocessing = 0;
		};
/* End PBXResourcesBuildPhase section */

/* Begin PBXSourcesBuildPhase section */
		65C7367B22DE7A0D0006F529 /* Sources */ = {
			isa = PBXSourcesBuildPhase;
			buildActionMask = 2147483647;
			files = (
				65C7368B22DE7A0D0006F529 /* MasterList.xcdatamodeld in Sources */,
				65C7368522DE7A0D0006F529 /* ListViewController.swift in Sources */,
				65C7369822DE7B7B0006F529 /* MyToDo.swift in Sources */,
				65C7368322DE7A0D0006F529 /* AppDelegate.swift in Sources */,
			);
			runOnlyForDeploymentPostprocessing = 0;
		};
/* End PBXSourcesBuildPhase section */

/* Begin PBXVariantGroup section */
		65C7368622DE7A0D0006F529 /* Main.storyboard */ = {
			isa = PBXVariantGroup;
			children = (
				65C7368722DE7A0D0006F529 /* Base */,
			);
			name = Main.storyboard;
			sourceTree = "<group>";
		};
		65C7368E22DE7A0E0006F529 /* LaunchScreen.storyboard */ = {
			isa = PBXVariantGroup;
			children = (
				65C7368F22DE7A0E0006F529 /* Base */,
			);
			name = LaunchScreen.storyboard;
			sourceTree = "<group>";
		};
/* End PBXVariantGroup section */

/* Begin XCBuildConfiguration section */
		65C7369222DE7A0E0006F529 /* Debug */ = {
			isa = XCBuildConfiguration;
			buildSettings = {
				ALWAYS_SEARCH_USER_PATHS = NO;
				CLANG_ANALYZER_NONNULL = YES;
				CLANG_ANALYZER_NUMBER_OBJECT_CONVERSION = YES_AGGRESSIVE;
				CLANG_CXX_LANGUAGE_STANDARD = "gnu++14";
				CLANG_CXX_LIBRARY = "libc++";
				CLANG_ENABLE_MODULES = YES;
				CLANG_ENABLE_OBJC_ARC = YES;
				CLANG_ENABLE_OBJC_WEAK = YES;
				CLANG_WARN_BLOCK_CAPTURE_AUTORELEASING = YES;
				CLANG_WARN_BOOL_CONVERSION = YES;
				CLANG_WARN_COMMA = YES;
				CLANG_WARN_CONSTANT_CONVERSION = YES;
				CLANG_WARN_DEPRECATED_OBJC_IMPLEMENTATIONS = YES;
				CLANG_WARN_DIRECT_OBJC_ISA_USAGE = YES_ERROR;
				CLANG_WARN_DOCUMENTATION_COMMENTS = YES;
				CLANG_WARN_EMPTY_BODY = YES;
				CLANG_WARN_ENUM_CONVERSION = YES;
				CLANG_WARN_INFINITE_RECURSION = YES;
				CLANG_WARN_INT_CONVERSION = YES;
				CLANG_WARN_NON_LITERAL_NULL_CONVERSION = YES;
				CLANG_WARN_OBJC_IMPLICIT_RETAIN_SELF = YES;
				CLANG_WARN_OBJC_LITERAL_CONVERSION = YES;
				CLANG_WARN_OBJC_ROOT_CLASS = YES_ERROR;
				CLANG_WARN_RANGE_LOOP_ANALYSIS = YES;
				CLANG_WARN_STRICT_PROTOTYPES = YES;
				CLANG_WARN_SUSPICIOUS_MOVE = YES;
				CLANG_WARN_UNGUARDED_AVAILABILITY = YES_AGGRESSIVE;
				CLANG_WARN_UNREACHABLE_CODE = YES;
				CLANG_WARN__DUPLICATE_METHOD_MATCH = YES;
				CODE_SIGN_IDENTITY = "iPhone Developer";
				COPY_PHASE_STRIP = NO;
				DEBUG_INFORMATION_FORMAT = dwarf;
				ENABLE_STRICT_OBJC_MSGSEND = YES;
				ENABLE_TESTABILITY = YES;
				GCC_C_LANGUAGE_STANDARD = gnu11;
				GCC_DYNAMIC_NO_PIC = NO;
				GCC_NO_COMMON_BLOCKS = YES;
				GCC_OPTIMIZATION_LEVEL = 0;
				GCC_PREPROCESSOR_DEFINITIONS = (
					"DEBUG=1",
					"$(inherited)",
				);
				GCC_WARN_64_TO_32_BIT_CONVERSION = YES;
				GCC_WARN_ABOUT_RETURN_TYPE = YES_ERROR;
				GCC_WARN_UNDECLARED_SELECTOR = YES;
				GCC_WARN_UNINITIALIZED_AUTOS = YES_AGGRESSIVE;
				GCC_WARN_UNUSED_FUNCTION = YES;
				GCC_WARN_UNUSED_VARIABLE = YES;
				IPHONEOS_DEPLOYMENT_TARGET = 12.2;
				MTL_ENABLE_DEBUG_INFO = INCLUDE_SOURCE;
				MTL_FAST_MATH = YES;
				ONLY_ACTIVE_ARCH = YES;
				SDKROOT = iphoneos;
				SWIFT_ACTIVE_COMPILATION_CONDITIONS = DEBUG;
				SWIFT_OPTIMIZATION_LEVEL = "-Onone";
			};
			name = Debug;
		};
		65C7369322DE7A0E0006F529 /* Release */ = {
			isa = XCBuildConfiguration;
			buildSettings = {
				ALWAYS_SEARCH_USER_PATHS = NO;
				CLANG_ANALYZER_NONNULL = YES;
				CLANG_ANALYZER_NUMBER_OBJECT_CONVERSION = YES_AGGRESSIVE;
				CLANG_CXX_LANGUAGE_STANDARD = "gnu++14";
				CLANG_CXX_LIBRARY = "libc++";
				CLANG_ENABLE_MODULES = YES;
				CLANG_ENABLE_OBJC_ARC = YES;
				CLANG_ENABLE_OBJC_WEAK = YES;
				CLANG_WARN_BLOCK_CAPTURE_AUTORELEASING = YES;
				CLANG_WARN_BOOL_CONVERSION = YES;
				CLANG_WARN_COMMA = YES;
				CLANG_WARN_CONSTANT_CONVERSION = YES;
				CLANG_WARN_DEPRECATED_OBJC_IMPLEMENTATIONS = YES;
				CLANG_WARN_DIRECT_OBJC_ISA_USAGE = YES_ERROR;
				CLANG_WARN_DOCUMENTATION_COMMENTS = YES;
				CLANG_WARN_EMPTY_BODY = YES;
				CLANG_WARN_ENUM_CONVERSION = YES;
				CLANG_WARN_INFINITE_RECURSION = YES;
				CLANG_WARN_INT_CONVERSION = YES;
				CLANG_WARN_NON_LITERAL_NULL_CONVERSION = YES;
				CLANG_WARN_OBJC_IMPLICIT_RETAIN_SELF = YES;
				CLANG_WARN_OBJC_LITERAL_CONVERSION = YES;
				CLANG_WARN_OBJC_ROOT_CLASS = YES_ERROR;
				CLANG_WARN_RANGE_LOOP_ANALYSIS = YES;
				CLANG_WARN_STRICT_PROTOTYPES = YES;
				CLANG_WARN_SUSPICIOUS_MOVE = YES;
				CLANG_WARN_UNGUARDED_AVAILABILITY = YES_AGGRESSIVE;
				CLANG_WARN_UNREACHABLE_CODE = YES;
				CLANG_WARN__DUPLICATE_METHOD_MATCH = YES;
				CODE_SIGN_IDENTITY = "iPhone Developer";
				COPY_PHASE_STRIP = NO;
				DEBUG_INFORMATION_FORMAT = "dwarf-with-dsym";
				ENABLE_NS_ASSERTIONS = NO;
				ENABLE_STRICT_OBJC_MSGSEND = YES;
				GCC_C_LANGUAGE_STANDARD = gnu11;
				GCC_NO_COMMON_BLOCKS = YES;
				GCC_WARN_64_TO_32_BIT_CONVERSION = YES;
				GCC_WARN_ABOUT_RETURN_TYPE = YES_ERROR;
				GCC_WARN_UNDECLARED_SELECTOR = YES;
				GCC_WARN_UNINITIALIZED_AUTOS = YES_AGGRESSIVE;
				GCC_WARN_UNUSED_FUNCTION = YES;
				GCC_WARN_UNUSED_VARIABLE = YES;
				IPHONEOS_DEPLOYMENT_TARGET = 12.2;
				MTL_ENABLE_DEBUG_INFO = NO;
				MTL_FAST_MATH = YES;
				SDKROOT = iphoneos;
				SWIFT_COMPILATION_MODE = wholemodule;
				SWIFT_OPTIMIZATION_LEVEL = "-O";
				VALIDATE_PRODUCT = YES;
			};
			name = Release;
		};
		65C7369522DE7A0E0006F529 /* Debug */ = {
			isa = XCBuildConfiguration;
			buildSettings = {
				ASSETCATALOG_COMPILER_APPICON_NAME = AppIcon;
				CODE_SIGN_STYLE = Automatic;
				INFOPLIST_FILE = MasterList/Info.plist;
				LD_RUNPATH_SEARCH_PATHS = (
					"$(inherited)",
					"@executable_path/Frameworks",
				);
				PRODUCT_BUNDLE_IDENTIFIER = com.zakeel.MasterList;
				PRODUCT_NAME = "$(TARGET_NAME)";
				SWIFT_VERSION = 5.0;
				TARGETED_DEVICE_FAMILY = "1,2";
			};
			name = Debug;
		};
		65C7369622DE7A0E0006F529 /* Release */ = {
			isa = XCBuildConfiguration;
			buildSettings = {
				ASSETCATALOG_COMPILER_APPICON_NAME = AppIcon;
				CODE_SIGN_STYLE = Automatic;
				INFOPLIST_FILE = MasterList/Info.plist;
				LD_RUNPATH_SEARCH_PATHS = (
					"$(inherited)",
					"@executable_path/Frameworks",
				);
				PRODUCT_BUNDLE_IDENTIFIER = com.zakeel.MasterList;
				PRODUCT_NAME = "$(TARGET_NAME)";
				SWIFT_VERSION = 5.0;
				TARGETED_DEVICE_FAMILY = "1,2";
			};
			name = Release;
		};
/* End XCBuildConfiguration section */

/* Begin XCConfigurationList section */
		65C7367A22DE7A0D0006F529 /* Build configuration list for PBXProject "MasterList" */ = {
			isa = XCConfigurationList;
			buildConfigurations = (
				65C7369222DE7A0E0006F529 /* Debug */,
				65C7369322DE7A0E0006F529 /* Release */,
			);
			defaultConfigurationIsVisible = 0;
			defaultConfigurationName = Release;
		};
		65C7369422DE7A0E0006F529 /* Build configuration list for PBXNativeTarget "MasterList" */ = {
			isa = XCConfigurationList;
			buildConfigurations = (
				65C7369522DE7A0E0006F529 /* Debug */,
				65C7369622DE7A0E0006F529 /* Release */,
			);
			defaultConfigurationIsVisible = 0;
			defaultConfigurationName = Release;
		};
/* End XCConfigurationList section */

/* Begin XCVersionGroup section */
		65C7368922DE7A0D0006F529 /* MasterList.xcdatamodeld */ = {
			isa = XCVersionGroup;
			children = (
				65C7368A22DE7A0D0006F529 /* MasterList.xcdatamodel */,
			);
			currentVersion = 65C7368A22DE7A0D0006F529 /* MasterList.xcdatamodel */;
			path = MasterList.xcdatamodeld;
			sourceTree = "<group>";
			versionGroupType = wrapper.xcdatamodel;
		};
/* End XCVersionGroup section */
	};
	rootObject = 65C7367722DE7A0D0006F529 /* Project object */;
}
